
Microsoft Visual Studio Solution File, Format Version 12.00
# Visual Studio Version 17
VisualStudioVersion = 17.8.34330.188
MinimumVisualStudioVersion = 10.0.40219.1
Project("{9A19103F-16F7-4668-BE54-9A1E7A4F7556}") = "ElephantFoot.UI", "ElephantFoot.UI\ElephantFoot.UI.csproj", "{7C590083-B274-451F-8DC6-0F58E49279DF}"
EndProject
Project("{9A19103F-16F7-4668-BE54-9A1E7A4F7556}") = "ElephantFoot.BLL", "ElephantFoot.BLL\ElephantFoot.BLL.csproj", "{5A6F2828-0716-4E52-866E-E50255386569}"
EndProject
Project("{9A19103F-16F7-4668-BE54-9A1E7A4F7556}") = "ElephantFoot.DAL", "ElephantFoot.DAL\ElephantFoot.DAL.csproj", "{CC2E2FA5-3542-4CD1-A1CA-5B5BBA494E43}"
EndProject
Global
	GlobalSection(SolutionConfigurationPlatforms) = preSolution
		Debug|Any CPU = Debug|Any CPU
		Release|Any CPU = Release|Any CPU
	EndGlobalSection
	GlobalSection(ProjectConfigurationPlatforms) = postSolution
		{7C590083-B274-451F-8DC6-0F58E49279DF}.Debug|Any CPU.ActiveCfg = Debug|Any CPU
		{7C590083-B274-451F-8DC6-0F58E49279DF}.Debug|Any CPU.Build.0 = Debug|Any CPU
		{7C590083-B274-451F-8DC6-0F58E49279DF}.Release|Any CPU.ActiveCfg = Release|Any CPU
		{7C590083-B274-451F-8DC6-0F58E49279DF}.Release|Any CPU.Build.0 = Release|Any CPU
		{5A6F2828-0716-4E52-866E-E50255386569}.Debug|Any CPU.ActiveCfg = Debug|Any CPU
		{5A6F2828-0716-4E52-866E-E50255386569}.Debug|Any CPU.Build.0 = Debug|Any CPU
		{5A6F2828-0716-4E52-866E-E50255386569}.Release|Any CPU.ActiveCfg = Release|Any CPU
		{5A6F2828-0716-4E52-866E-E50255386569}.Release|Any CPU.Build.0 = Release|Any CPU
		{CC2E2FA5-3542-4CD1-A1CA-5B5BBA494E43}.Debug|Any CPU.ActiveCfg = Debug|Any CPU
		{CC2E2FA5-3542-4CD1-A1CA-5B5BBA494E43}.Debug|Any CPU.Build.0 = Debug|Any CPU
		{CC2E2FA5-3542-4CD1-A1CA-5B5BBA494E43}.Release|Any CPU.ActiveCfg = Release|Any CPU
		{CC2E2FA5-3542-4CD1-A1CA-5B5BBA494E43}.Release|Any CPU.Build.0 = Release|Any CPU
	EndGlobalSection
	GlobalSection(SolutionProperties) = preSolution
		HideSolutionNode = FALSE
	EndGlobalSection
	GlobalSection(ExtensibilityGlobals) = postSolution
		SolutionGuid = {8A986125-5B17-43E9-8216-9362E7B7A868}
	EndGlobalSection
EndGlobal
